<?xml version="1.0" encoding="UTF-8" standalone="yes" ?>
<CodeBlocks_project_file>
	<FileVersion major="1" minor="6" />
	<Project>
		<Option title="New_GLUT_project_CPP" />
		<Option pch_mode="2" />
		<Option compiler="gcc" />
		<Build>
			<Target title="Debug">
				<Option output="bin/Debug/Hello_GLUT_world_CPP" prefix_auto="1" extension_auto="1" />
				<Option object_output="obj/Debug/" />
				<Option type="1" />
				<Option compiler="gcc" />
				<Compiler>
					<Add option="-g" />
				</Compiler>
			</Target>
			<Target title="Release">
				<Option output="bin/Release/Hello_GLUT_world_CPP" prefix_auto="1" extension_auto="1" />
				<Option object_output="obj/Release/" />
				<Option type="1" />
				<Option compiler="gcc" />
				<Compiler>
					<Add option="-O2" />
				</Compiler>
				<Linker>
					<Add option="-s" />
				</Linker>
			</Target>
		</Build>
		<Compiler>
			<Add option="-Wall" />
			<Add option="-fexceptions" />
		</Compiler>
		<Linker>
			<Add option="-lglut" />
		</Linker>
		<Unit filename="Source_code/Project_specific_configurations/Debug.h" />
		<Unit filename="Source_code/Project_specific_configurations/Math.h" />
		<Unit filename="Source_code/Project_specific_configurations/Max_value.h" />
		<Unit filename="Source_code/Project_specific_configurations/Software_info.h" />
		<Unit filename="Source_code/Project_specific_configurations/System_category.h" />
		<Unit filename="Source_code/Show_software_info/Show_software_info.c">
			<Option compilerVar="CC" />
		</Unit>
		<Unit filename="Source_code/Show_software_info/Show_software_info.h" />
		<Unit filename="Source_code/main.cpp" />
		<Unit filename="Source_code/pauseProgram/Pause_program.c">
			<Option compilerVar="CC" />
		</Unit>
		<Unit filename="Source_code/pauseProgram/Pause_program.h" />
		<Extensions>
			<code_completion />
			<debugger />
			<envvars set="locale_en_us" />
		</Extensions>
	</Project>
</CodeBlocks_project_file>
